// !$*UTF8*$!
{
	archiveVersion = 1;
	classes = {
	};
	objectVersion = 56;
	objects = {

/* Begin PBXBuildFile section */
		6348B69C2ADDB023004DD083 /* KitchenModel.swift in Sources */ = {isa = PBXBuildFile; fileRef = 6348B69B2ADDB023004DD083 /* KitchenModel.swift */; };
		6348B69E2ADDC07B004DD083 /* RestaurantModel.swift in Sources */ = {isa = PBXBuildFile; fileRef = 6348B69D2ADDC07B004DD083 /* RestaurantModel.swift */; };
		6348B6A02ADDC970004DD083 /* RecentItemModel.swift in Sources */ = {isa = PBXBuildFile; fileRef = 6348B69F2ADDC970004DD083 /* RecentItemModel.swift */; };
		6357F2912ADD4DD30042145A /* Exrtension-TableView.swift in Sources */ = {isa = PBXBuildFile; fileRef = 6357F2902ADD4DD30042145A /* Exrtension-TableView.swift */; };
		6357F2932ADD4DFD0042145A /* Extension-CollectionView.swift in Sources */ = {isa = PBXBuildFile; fileRef = 6357F2922ADD4DFD0042145A /* Extension-CollectionView.swift */; };
		636AF39D2ADFBC2200DF8102 /* DetailVC.swift in Sources */ = {isa = PBXBuildFile; fileRef = 636AF39C2ADFBC2200DF8102 /* DetailVC.swift */; };
		636AF3A02ADFC24600DF8102 /* Hero in Frameworks */ = {isa = PBXBuildFile; productRef = 636AF39F2ADFC24600DF8102 /* Hero */; };
		636AF3A22ADFC86F00DF8102 /* ListDetailVC.swift in Sources */ = {isa = PBXBuildFile; fileRef = 636AF3A12ADFC86F00DF8102 /* ListDetailVC.swift */; };
		63974BCF2ADC536C00545281 /* AppDelegate.swift in Sources */ = {isa = PBXBuildFile; fileRef = 63974BCE2ADC536C00545281 /* AppDelegate.swift */; };
		63974BD12ADC536C00545281 /* SceneDelegate.swift in Sources */ = {isa = PBXBuildFile; fileRef = 63974BD02ADC536C00545281 /* SceneDelegate.swift */; };
		63974BD32ADC536C00545281 /* HomeVC.swift in Sources */ = {isa = PBXBuildFile; fileRef = 63974BD22ADC536C00545281 /* HomeVC.swift */; };
		63974BD82ADC536E00545281 /* Assets.xcassets in Resources */ = {isa = PBXBuildFile; fileRef = 63974BD72ADC536E00545281 /* Assets.xcassets */; };
		63974BDB2ADC536E00545281 /* LaunchScreen.storyboard in Resources */ = {isa = PBXBuildFile; fileRef = 63974BD92ADC536E00545281 /* LaunchScreen.storyboard */; };
		63974BE32ADC673A00545281 /* KitchensCVCell.swift in Sources */ = {isa = PBXBuildFile; fileRef = 63974BE22ADC673A00545281 /* KitchensCVCell.swift */; };
		63974BE52ADC6E8A00545281 /* PopularRestaurantsTVCell.swift in Sources */ = {isa = PBXBuildFile; fileRef = 63974BE42ADC6E8A00545281 /* PopularRestaurantsTVCell.swift */; };
		63974BE72ADC76CD00545281 /* MostPopularCVCell.swift in Sources */ = {isa = PBXBuildFile; fileRef = 63974BE62ADC76CD00545281 /* MostPopularCVCell.swift */; };
		63974BE92ADC7E1B00545281 /* RecentItemsTVCell.swift in Sources */ = {isa = PBXBuildFile; fileRef = 63974BE82ADC7E1B00545281 /* RecentItemsTVCell.swift */; };
		63D154912ADF20C000902243 /* Metropolis-Regular.otf in Resources */ = {isa = PBXBuildFile; fileRef = 63D1548C2ADF20C000902243 /* Metropolis-Regular.otf */; };
		63D154922ADF20C000902243 /* Metropolis-SemiBold.otf in Resources */ = {isa = PBXBuildFile; fileRef = 63D1548D2ADF20C000902243 /* Metropolis-SemiBold.otf */; };
		63D154932ADF20C000902243 /* Metropolis-Bold.otf in Resources */ = {isa = PBXBuildFile; fileRef = 63D1548E2ADF20C000902243 /* Metropolis-Bold.otf */; };
		63D154942ADF20C000902243 /* Metropolis-Medium.otf in Resources */ = {isa = PBXBuildFile; fileRef = 63D1548F2ADF20C000902243 /* Metropolis-Medium.otf */; };
		63D154952ADF20C000902243 /* Metropolis-ExtraBold.otf in Resources */ = {isa = PBXBuildFile; fileRef = 63D154902ADF20C000902243 /* Metropolis-ExtraBold.otf */; };
		63E3C0B42ADEB92900893199 /* CustomTabbar.swift in Sources */ = {isa = PBXBuildFile; fileRef = 63E3C0B32ADEB92900893199 /* CustomTabbar.swift */; };
		63E3C0B62ADEB93400893199 /* TabBarViewController.swift in Sources */ = {isa = PBXBuildFile; fileRef = 63E3C0B52ADEB93400893199 /* TabBarViewController.swift */; };
		63E3C0B82ADEB98900893199 /* LeftVC.swift in Sources */ = {isa = PBXBuildFile; fileRef = 63E3C0B72ADEB98900893199 /* LeftVC.swift */; };
		63E3C0BA2ADEB99400893199 /* RightVC.swift in Sources */ = {isa = PBXBuildFile; fileRef = 63E3C0B92ADEB99400893199 /* RightVC.swift */; };
/* End PBXBuildFile section */

/* Begin PBXFileReference section */
		6348B69B2ADDB023004DD083 /* KitchenModel.swift */ = {isa = PBXFileReference; lastKnownFileType = sourcecode.swift; path = KitchenModel.swift; sourceTree = "<group>"; };
		6348B69D2ADDC07B004DD083 /* RestaurantModel.swift */ = {isa = PBXFileReference; lastKnownFileType = sourcecode.swift; path = RestaurantModel.swift; sourceTree = "<group>"; };
		6348B69F2ADDC970004DD083 /* RecentItemModel.swift */ = {isa = PBXFileReference; lastKnownFileType = sourcecode.swift; path = RecentItemModel.swift; sourceTree = "<group>"; };
		6357F2902ADD4DD30042145A /* Exrtension-TableView.swift */ = {isa = PBXFileReference; lastKnownFileType = sourcecode.swift; path = "Exrtension-TableView.swift"; sourceTree = "<group>"; };
		6357F2922ADD4DFD0042145A /* Extension-CollectionView.swift */ = {isa = PBXFileReference; lastKnownFileType = sourcecode.swift; path = "Extension-CollectionView.swift"; sourceTree = "<group>"; };
		636AF39C2ADFBC2200DF8102 /* DetailVC.swift */ = {isa = PBXFileReference; lastKnownFileType = sourcecode.swift; path = DetailVC.swift; sourceTree = "<group>"; };
		636AF3A12ADFC86F00DF8102 /* ListDetailVC.swift */ = {isa = PBXFileReference; lastKnownFileType = sourcecode.swift; path = ListDetailVC.swift; sourceTree = "<group>"; };
		63974BCB2ADC536C00545281 /* Homework1.app */ = {isa = PBXFileReference; explicitFileType = wrapper.application; includeInIndex = 0; path = Homework1.app; sourceTree = BUILT_PRODUCTS_DIR; };
		63974BCE2ADC536C00545281 /* AppDelegate.swift */ = {isa = PBXFileReference; lastKnownFileType = sourcecode.swift; path = AppDelegate.swift; sourceTree = "<group>"; };
		63974BD02ADC536C00545281 /* SceneDelegate.swift */ = {isa = PBXFileReference; lastKnownFileType = sourcecode.swift; path = SceneDelegate.swift; sourceTree = "<group>"; };
		63974BD22ADC536C00545281 /* HomeVC.swift */ = {isa = PBXFileReference; lastKnownFileType = sourcecode.swift; path = HomeVC.swift; sourceTree = "<group>"; };
		63974BD72ADC536E00545281 /* Assets.xcassets */ = {isa = PBXFileReference; lastKnownFileType = folder.assetcatalog; path = Assets.xcassets; sourceTree = "<group>"; };
		63974BDA2ADC536E00545281 /* Base */ = {isa = PBXFileReference; lastKnownFileType = file.storyboard; name = Base; path = Base.lproj/LaunchScreen.storyboard; sourceTree = "<group>"; };
		63974BDC2ADC536E00545281 /* Info.plist */ = {isa = PBXFileReference; lastKnownFileType = text.plist.xml; path = Info.plist; sourceTree = "<group>"; };
		63974BE22ADC673A00545281 /* KitchensCVCell.swift */ = {isa = PBXFileReference; lastKnownFileType = sourcecode.swift; path = KitchensCVCell.swift; sourceTree = "<group>"; };
		63974BE42ADC6E8A00545281 /* PopularRestaurantsTVCell.swift */ = {isa = PBXFileReference; lastKnownFileType = sourcecode.swift; path = PopularRestaurantsTVCell.swift; sourceTree = "<group>"; };
		63974BE62ADC76CD00545281 /* MostPopularCVCell.swift */ = {isa = PBXFileReference; lastKnownFileType = sourcecode.swift; path = MostPopularCVCell.swift; sourceTree = "<group>"; };
		63974BE82ADC7E1B00545281 /* RecentItemsTVCell.swift */ = {isa = PBXFileReference; lastKnownFileType = sourcecode.swift; path = RecentItemsTVCell.swift; sourceTree = "<group>"; };
		63D1548C2ADF20C000902243 /* Metropolis-Regular.otf */ = {isa = PBXFileReference; lastKnownFileType = file; path = "Metropolis-Regular.otf"; sourceTree = "<group>"; };
		63D1548D2ADF20C000902243 /* Metropolis-SemiBold.otf */ = {isa = PBXFileReference; lastKnownFileType = file; path = "Metropolis-SemiBold.otf"; sourceTree = "<group>"; };
		63D1548E2ADF20C000902243 /* Metropolis-Bold.otf */ = {isa = PBXFileReference; lastKnownFileType = file; path = "Metropolis-Bold.otf"; sourceTree = "<group>"; };
		63D1548F2ADF20C000902243 /* Metropolis-Medium.otf */ = {isa = PBXFileReference; lastKnownFileType = file; path = "Metropolis-Medium.otf"; sourceTree = "<group>"; };
		63D154902ADF20C000902243 /* Metropolis-ExtraBold.otf */ = {isa = PBXFileReference; lastKnownFileType = file; path = "Metropolis-ExtraBold.otf"; sourceTree = "<group>"; };
		63E3C0B32ADEB92900893199 /* CustomTabbar.swift */ = {isa = PBXFileReference; lastKnownFileType = sourcecode.swift; path = CustomTabbar.swift; sourceTree = "<group>"; };
		63E3C0B52ADEB93400893199 /* TabBarViewController.swift */ = {isa = PBXFileReference; lastKnownFileType = sourcecode.swift; path = TabBarViewController.swift; sourceTree = "<group>"; };
		63E3C0B72ADEB98900893199 /* LeftVC.swift */ = {isa = PBXFileReference; lastKnownFileType = sourcecode.swift; path = LeftVC.swift; sourceTree = "<group>"; };
		63E3C0B92ADEB99400893199 /* RightVC.swift */ = {isa = PBXFileReference; lastKnownFileType = sourcecode.swift; path = RightVC.swift; sourceTree = "<group>"; };
/* End PBXFileReference section */

/* Begin PBXFrameworksBuildPhase section */
		63974BC82ADC536C00545281 /* Frameworks */ = {
			isa = PBXFrameworksBuildPhase;
			buildActionMask = 2147483647;
			files = (
				636AF3A02ADFC24600DF8102 /* Hero in Frameworks */,
			);
			runOnlyForDeploymentPostprocessing = 0;
		};
/* End PBXFrameworksBuildPhase section */

/* Begin PBXGroup section */
		6357F2942ADD4EB40042145A /* Resources */ = {
			isa = PBXGroup;
			children = (
				63974BD92ADC536E00545281 /* LaunchScreen.storyboard */,
				63974BD72ADC536E00545281 /* Assets.xcassets */,
			);
			path = Resources;
			sourceTree = "<group>";
		};
		6357F2952ADD4EC00042145A /* Others */ = {
			isa = PBXGroup;
			children = (
				63974BCE2ADC536C00545281 /* AppDelegate.swift */,
				63974BD02ADC536C00545281 /* SceneDelegate.swift */,
			);
			path = Others;
			sourceTree = "<group>";
		};
		6357F2962ADD4EDB0042145A /* Extensions */ = {
			isa = PBXGroup;
			children = (
				6357F2902ADD4DD30042145A /* Exrtension-TableView.swift */,
				6357F2922ADD4DFD0042145A /* Extension-CollectionView.swift */,
			);
			path = Extensions;
			sourceTree = "<group>";
		};
		6357F2972ADD4EF30042145A /* Cells */ = {
			isa = PBXGroup;
			children = (
				63974BE22ADC673A00545281 /* KitchensCVCell.swift */,
				63974BE42ADC6E8A00545281 /* PopularRestaurantsTVCell.swift */,
				63974BE62ADC76CD00545281 /* MostPopularCVCell.swift */,
				63974BE82ADC7E1B00545281 /* RecentItemsTVCell.swift */,
			);
			path = Cells;
			sourceTree = "<group>";
		};
		6357F2992ADD4F1B0042145A /* ViewControllers */ = {
			isa = PBXGroup;
			children = (
				63E3C0B72ADEB98900893199 /* LeftVC.swift */,
				63E3C0B92ADEB99400893199 /* RightVC.swift */,
				63974BD22ADC536C00545281 /* HomeVC.swift */,
				636AF39C2ADFBC2200DF8102 /* DetailVC.swift */,
				636AF3A12ADFC86F00DF8102 /* ListDetailVC.swift */,
			);
			path = ViewControllers;
			sourceTree = "<group>";
		};
		6357F29A2ADD4F2A0042145A /* Model */ = {
			isa = PBXGroup;
			children = (
				6348B69B2ADDB023004DD083 /* KitchenModel.swift */,
				6348B69D2ADDC07B004DD083 /* RestaurantModel.swift */,
				6348B69F2ADDC970004DD083 /* RecentItemModel.swift */,
			);
			path = Model;
			sourceTree = "<group>";
		};
		63974BC22ADC536C00545281 = {
			isa = PBXGroup;
			children = (
				63974BCD2ADC536C00545281 /* Homework1 */,
				63974BCC2ADC536C00545281 /* Products */,
			);
			sourceTree = "<group>";
		};
		63974BCC2ADC536C00545281 /* Products */ = {
			isa = PBXGroup;
			children = (
				63974BCB2ADC536C00545281 /* Homework1.app */,
			);
			name = Products;
			sourceTree = "<group>";
		};
		63974BCD2ADC536C00545281 /* Homework1 */ = {
			isa = PBXGroup;
			children = (
				63D1548B2ADF20B100902243 /* Font */,
				63E3C0B22ADEB91700893199 /* TabBar */,
				6357F2992ADD4F1B0042145A /* ViewControllers */,
				6357F2972ADD4EF30042145A /* Cells */,
				6357F29A2ADD4F2A0042145A /* Model */,
				6357F2962ADD4EDB0042145A /* Extensions */,
				6357F2942ADD4EB40042145A /* Resources */,
				6357F2952ADD4EC00042145A /* Others */,
				63974BDC2ADC536E00545281 /* Info.plist */,
			);
			path = Homework1;
			sourceTree = "<group>";
		};
		63D1548B2ADF20B100902243 /* Font */ = {
			isa = PBXGroup;
			children = (
				63D1548E2ADF20C000902243 /* Metropolis-Bold.otf */,
				63D154902ADF20C000902243 /* Metropolis-ExtraBold.otf */,
				63D1548F2ADF20C000902243 /* Metropolis-Medium.otf */,
				63D1548C2ADF20C000902243 /* Metropolis-Regular.otf */,
				63D1548D2ADF20C000902243 /* Metropolis-SemiBold.otf */,
			);
			path = Font;
			sourceTree = "<group>";
		};
		63E3C0B22ADEB91700893199 /* TabBar */ = {
			isa = PBXGroup;
			children = (
				63E3C0B32ADEB92900893199 /* CustomTabbar.swift */,
				63E3C0B52ADEB93400893199 /* TabBarViewController.swift */,
			);
			path = TabBar;
			sourceTree = "<group>";
		};
/* End PBXGroup section */

/* Begin PBXNativeTarget section */
		63974BCA2ADC536C00545281 /* Homework1 */ = {
			isa = PBXNativeTarget;
			buildConfigurationList = 63974BDF2ADC536E00545281 /* Build configuration list for PBXNativeTarget "Homework1" */;
			buildPhases = (
				63974BC72ADC536C00545281 /* Sources */,
				63974BC82ADC536C00545281 /* Frameworks */,
				63974BC92ADC536C00545281 /* Resources */,
			);
			buildRules = (
			);
			dependencies = (
			);
			name = Homework1;
			packageProductDependencies = (
				636AF39F2ADFC24600DF8102 /* Hero */,
			);
			productName = Homework1;
			productReference = 63974BCB2ADC536C00545281 /* Homework1.app */;
			productType = "com.apple.product-type.application";
		};
/* End PBXNativeTarget section */

/* Begin PBXProject section */
		63974BC32ADC536C00545281 /* Project object */ = {
			isa = PBXProject;
			attributes = {
				BuildIndependentTargetsInParallel = 1;
				LastSwiftUpdateCheck = 1500;
				LastUpgradeCheck = 1500;
				TargetAttributes = {
					63974BCA2ADC536C00545281 = {
						CreatedOnToolsVersion = 15.0;
					};
				};
			};
			buildConfigurationList = 63974BC62ADC536C00545281 /* Build configuration list for PBXProject "Homework1" */;
			compatibilityVersion = "Xcode 14.0";
			developmentRegion = en;
			hasScannedForEncodings = 0;
			knownRegions = (
				en,
				Base,
			);
			mainGroup = 63974BC22ADC536C00545281;
			packageReferences = (
				636AF39E2ADFC24600DF8102 /* XCRemoteSwiftPackageReference "Hero" */,
			);
			productRefGroup = 63974BCC2ADC536C00545281 /* Products */;
			projectDirPath = "";
			projectRoot = "";
			targets = (
				63974BCA2ADC536C00545281 /* Homework1 */,
			);
		};
/* End PBXProject section */

/* Begin PBXResourcesBuildPhase section */
		63974BC92ADC536C00545281 /* Resources */ = {
			isa = PBXResourcesBuildPhase;
			buildActionMask = 2147483647;
			files = (
				63D154932ADF20C000902243 /* Metropolis-Bold.otf in Resources */,
				63D154952ADF20C000902243 /* Metropolis-ExtraBold.otf in Resources */,
				63D154922ADF20C000902243 /* Metropolis-SemiBold.otf in Resources */,
				63974BDB2ADC536E00545281 /* LaunchScreen.storyboard in Resources */,
				63974BD82ADC536E00545281 /* Assets.xcassets in Resources */,
				63D154942ADF20C000902243 /* Metropolis-Medium.otf in Resources */,
				63D154912ADF20C000902243 /* Metropolis-Regular.otf in Resources */,
			);
			runOnlyForDeploymentPostprocessing = 0;
		};
/* End PBXResourcesBuildPhase section */

/* Begin PBXSourcesBuildPhase section */
		63974BC72ADC536C00545281 /* Sources */ = {
			isa = PBXSourcesBuildPhase;
			buildActionMask = 2147483647;
			files = (
				6357F2932ADD4DFD0042145A /* Extension-CollectionView.swift in Sources */,
				6348B6A02ADDC970004DD083 /* RecentItemModel.swift in Sources */,
				63974BE72ADC76CD00545281 /* MostPopularCVCell.swift in Sources */,
				63974BD32ADC536C00545281 /* HomeVC.swift in Sources */,
				63974BE52ADC6E8A00545281 /* PopularRestaurantsTVCell.swift in Sources */,
				636AF3A22ADFC86F00DF8102 /* ListDetailVC.swift in Sources */,
				6348B69E2ADDC07B004DD083 /* RestaurantModel.swift in Sources */,
				63974BCF2ADC536C00545281 /* AppDelegate.swift in Sources */,
				6357F2912ADD4DD30042145A /* Exrtension-TableView.swift in Sources */,
				63974BE92ADC7E1B00545281 /* RecentItemsTVCell.swift in Sources */,
				63E3C0B62ADEB93400893199 /* TabBarViewController.swift in Sources */,
				63974BE32ADC673A00545281 /* KitchensCVCell.swift in Sources */,
				63E3C0B42ADEB92900893199 /* CustomTabbar.swift in Sources */,
				63E3C0B82ADEB98900893199 /* LeftVC.swift in Sources */,
				6348B69C2ADDB023004DD083 /* KitchenModel.swift in Sources */,
				636AF39D2ADFBC2200DF8102 /* DetailVC.swift in Sources */,
				63974BD12ADC536C00545281 /* SceneDelegate.swift in Sources */,
				63E3C0BA2ADEB99400893199 /* RightVC.swift in Sources */,
			);
			runOnlyForDeploymentPostprocessing = 0;
		};
/* End PBXSourcesBuildPhase section */

/* Begin PBXVariantGroup section */
		63974BD92ADC536E00545281 /* LaunchScreen.storyboard */ = {
			isa = PBXVariantGroup;
			children = (
				63974BDA2ADC536E00545281 /* Base */,
			);
			name = LaunchScreen.storyboard;
			sourceTree = "<group>";
		};
/* End PBXVariantGroup section */

/* Begin XCBuildConfiguration section */
		63974BDD2ADC536E00545281 /* Debug */ = {
			isa = XCBuildConfiguration;
			buildSettings = {
				ALWAYS_SEARCH_USER_PATHS = NO;
				ASSETCATALOG_COMPILER_GENERATE_SWIFT_ASSET_SYMBOL_EXTENSIONS = YES;
				CLANG_ANALYZER_NONNULL = YES;
				CLANG_ANALYZER_NUMBER_OBJECT_CONVERSION = YES_AGGRESSIVE;
				CLANG_CXX_LANGUAGE_STANDARD = "gnu++20";
				CLANG_ENABLE_MODULES = YES;
				CLANG_ENABLE_OBJC_ARC = YES;
				CLANG_ENABLE_OBJC_WEAK = YES;
				CLANG_WARN_BLOCK_CAPTURE_AUTORELEASING = YES;
				CLANG_WARN_BOOL_CONVERSION = YES;
				CLANG_WARN_COMMA = YES;
				CLANG_WARN_CONSTANT_CONVERSION = YES;
				CLANG_WARN_DEPRECATED_OBJC_IMPLEMENTATIONS = YES;
				CLANG_WARN_DIRECT_OBJC_ISA_USAGE = YES_ERROR;
				CLANG_WARN_DOCUMENTATION_COMMENTS = YES;
				CLANG_WARN_EMPTY_BODY = YES;
				CLANG_WARN_ENUM_CONVERSION = YES;
				CLANG_WARN_INFINITE_RECURSION = YES;
				CLANG_WARN_INT_CONVERSION = YES;
				CLANG_WARN_NON_LITERAL_NULL_CONVERSION = YES;
				CLANG_WARN_OBJC_IMPLICIT_RETAIN_SELF = YES;
				CLANG_WARN_OBJC_LITERAL_CONVERSION = YES;
				CLANG_WARN_OBJC_ROOT_CLASS = YES_ERROR;
				CLANG_WARN_QUOTED_INCLUDE_IN_FRAMEWORK_HEADER = YES;
				CLANG_WARN_RANGE_LOOP_ANALYSIS = YES;
				CLANG_WARN_STRICT_PROTOTYPES = YES;
				CLANG_WARN_SUSPICIOUS_MOVE = YES;
				CLANG_WARN_UNGUARDED_AVAILABILITY = YES_AGGRESSIVE;
				CLANG_WARN_UNREACHABLE_CODE = YES;
				CLANG_WARN__DUPLICATE_METHOD_MATCH = YES;
				COPY_PHASE_STRIP = NO;
				DEBUG_INFORMATION_FORMAT = dwarf;
				ENABLE_STRICT_OBJC_MSGSEND = YES;
				ENABLE_TESTABILITY = YES;
				ENABLE_USER_SCRIPT_SANDBOXING = YES;
				GCC_C_LANGUAGE_STANDARD = gnu17;
				GCC_DYNAMIC_NO_PIC = NO;
				GCC_NO_COMMON_BLOCKS = YES;
				GCC_OPTIMIZATION_LEVEL = 0;
				GCC_PREPROCESSOR_DEFINITIONS = (
					"DEBUG=1",
					"$(inherited)",
				);
				GCC_WARN_64_TO_32_BIT_CONVERSION = YES;
				GCC_WARN_ABOUT_RETURN_TYPE = YES_ERROR;
				GCC_WARN_UNDECLARED_SELECTOR = YES;
				GCC_WARN_UNINITIALIZED_AUTOS = YES_AGGRESSIVE;
				GCC_WARN_UNUSED_FUNCTION = YES;
				GCC_WARN_UNUSED_VARIABLE = YES;
				IPHONEOS_DEPLOYMENT_TARGET = 17.0;
				LOCALIZATION_PREFERS_STRING_CATALOGS = YES;
				MTL_ENABLE_DEBUG_INFO = INCLUDE_SOURCE;
				MTL_FAST_MATH = YES;
				ONLY_ACTIVE_ARCH = YES;
				SDKROOT = iphoneos;
				SWIFT_ACTIVE_COMPILATION_CONDITIONS = "DEBUG $(inherited)";
				SWIFT_OPTIMIZATION_LEVEL = "-Onone";
			};
			name = Debug;
		};
		63974BDE2ADC536E00545281 /* Release */ = {
			isa = XCBuildConfiguration;
			buildSettings = {
				ALWAYS_SEARCH_USER_PATHS = NO;
				ASSETCATALOG_COMPILER_GENERATE_SWIFT_ASSET_SYMBOL_EXTENSIONS = YES;
				CLANG_ANALYZER_NONNULL = YES;
				CLANG_ANALYZER_NUMBER_OBJECT_CONVERSION = YES_AGGRESSIVE;
				CLANG_CXX_LANGUAGE_STANDARD = "gnu++20";
				CLANG_ENABLE_MODULES = YES;
				CLANG_ENABLE_OBJC_ARC = YES;
				CLANG_ENABLE_OBJC_WEAK = YES;
				CLANG_WARN_BLOCK_CAPTURE_AUTORELEASING = YES;
				CLANG_WARN_BOOL_CONVERSION = YES;
				CLANG_WARN_COMMA = YES;
				CLANG_WARN_CONSTANT_CONVERSION = YES;
				CLANG_WARN_DEPRECATED_OBJC_IMPLEMENTATIONS = YES;
				CLANG_WARN_DIRECT_OBJC_ISA_USAGE = YES_ERROR;
				CLANG_WARN_DOCUMENTATION_COMMENTS = YES;
				CLANG_WARN_EMPTY_BODY = YES;
				CLANG_WARN_ENUM_CONVERSION = YES;
				CLANG_WARN_INFINITE_RECURSION = YES;
				CLANG_WARN_INT_CONVERSION = YES;
				CLANG_WARN_NON_LITERAL_NULL_CONVERSION = YES;
				CLANG_WARN_OBJC_IMPLICIT_RETAIN_SELF = YES;
				CLANG_WARN_OBJC_LITERAL_CONVERSION = YES;
				CLANG_WARN_OBJC_ROOT_CLASS = YES_ERROR;
				CLANG_WARN_QUOTED_INCLUDE_IN_FRAMEWORK_HEADER = YES;
				CLANG_WARN_RANGE_LOOP_ANALYSIS = YES;
				CLANG_WARN_STRICT_PROTOTYPES = YES;
				CLANG_WARN_SUSPICIOUS_MOVE = YES;
				CLANG_WARN_UNGUARDED_AVAILABILITY = YES_AGGRESSIVE;
				CLANG_WARN_UNREACHABLE_CODE = YES;
				CLANG_WARN__DUPLICATE_METHOD_MATCH = YES;
				COPY_PHASE_STRIP = NO;
				DEBUG_INFORMATION_FORMAT = "dwarf-with-dsym";
				ENABLE_NS_ASSERTIONS = NO;
				ENABLE_STRICT_OBJC_MSGSEND = YES;
				ENABLE_USER_SCRIPT_SANDBOXING = YES;
				GCC_C_LANGUAGE_STANDARD = gnu17;
				GCC_NO_COMMON_BLOCKS = YES;
				GCC_WARN_64_TO_32_BIT_CONVERSION = YES;
				GCC_WARN_ABOUT_RETURN_TYPE = YES_ERROR;
				GCC_WARN_UNDECLARED_SELECTOR = YES;
				GCC_WARN_UNINITIALIZED_AUTOS = YES_AGGRESSIVE;
				GCC_WARN_UNUSED_FUNCTION = YES;
				GCC_WARN_UNUSED_VARIABLE = YES;
				IPHONEOS_DEPLOYMENT_TARGET = 17.0;
				LOCALIZATION_PREFERS_STRING_CATALOGS = YES;
				MTL_ENABLE_DEBUG_INFO = NO;
				MTL_FAST_MATH = YES;
				SDKROOT = iphoneos;
				SWIFT_COMPILATION_MODE = wholemodule;
				VALIDATE_PRODUCT = YES;
			};
			name = Release;
		};
		63974BE02ADC536E00545281 /* Debug */ = {
			isa = XCBuildConfiguration;
			buildSettings = {
				ASSETCATALOG_COMPILER_APPICON_NAME = AppIcon;
				ASSETCATALOG_COMPILER_GLOBAL_ACCENT_COLOR_NAME = AccentColor;
				CODE_SIGN_STYLE = Automatic;
				CURRENT_PROJECT_VERSION = 1;
				DEVELOPMENT_TEAM = 637FC6BUKX;
				GENERATE_INFOPLIST_FILE = YES;
				INFOPLIST_FILE = Homework1/Info.plist;
				INFOPLIST_KEY_UIApplicationSupportsIndirectInputEvents = YES;
				INFOPLIST_KEY_UILaunchStoryboardName = LaunchScreen;
				INFOPLIST_KEY_UISupportedInterfaceOrientations_iPad = "UIInterfaceOrientationPortrait UIInterfaceOrientationPortraitUpsideDown UIInterfaceOrientationLandscapeLeft UIInterfaceOrientationLandscapeRight";
				INFOPLIST_KEY_UISupportedInterfaceOrientations_iPhone = "UIInterfaceOrientationPortrait UIInterfaceOrientationLandscapeLeft UIInterfaceOrientationLandscapeRight";
				LD_RUNPATH_SEARCH_PATHS = (
					"$(inherited)",
					"@executable_path/Frameworks",
				);
				MARKETING_VERSION = 1.0;
				PRODUCT_BUNDLE_IDENTIFIER = com.ekenozlu.Homework1;
				PRODUCT_NAME = "$(TARGET_NAME)";
				SWIFT_EMIT_LOC_STRINGS = YES;
				SWIFT_VERSION = 5.0;
				TARGETED_DEVICE_FAMILY = "1,2";
			};
			name = Debug;
		};
		63974BE12ADC536E00545281 /* Release */ = {
			isa = XCBuildConfiguration;
			buildSettings = {
				ASSETCATALOG_COMPILER_APPICON_NAME = AppIcon;
				ASSETCATALOG_COMPILER_GLOBAL_ACCENT_COLOR_NAME = AccentColor;
				CODE_SIGN_STYLE = Automatic;
				CURRENT_PROJECT_VERSION = 1;
				DEVELOPMENT_TEAM = 637FC6BUKX;
				GENERATE_INFOPLIST_FILE = YES;
				INFOPLIST_FILE = Homework1/Info.plist;
				INFOPLIST_KEY_UIApplicationSupportsIndirectInputEvents = YES;
				INFOPLIST_KEY_UILaunchStoryboardName = LaunchScreen;
				INFOPLIST_KEY_UISupportedInterfaceOrientations_iPad = "UIInterfaceOrientationPortrait UIInterfaceOrientationPortraitUpsideDown UIInterfaceOrientationLandscapeLeft UIInterfaceOrientationLandscapeRight";
				INFOPLIST_KEY_UISupportedInterfaceOrientations_iPhone = "UIInterfaceOrientationPortrait UIInterfaceOrientationLandscapeLeft UIInterfaceOrientationLandscapeRight";
				LD_RUNPATH_SEARCH_PATHS = (
					"$(inherited)",
					"@executable_path/Frameworks",
				);
				MARKETING_VERSION = 1.0;
				PRODUCT_BUNDLE_IDENTIFIER = com.ekenozlu.Homework1;
				PRODUCT_NAME = "$(TARGET_NAME)";
				SWIFT_EMIT_LOC_STRINGS = YES;
				SWIFT_VERSION = 5.0;
				TARGETED_DEVICE_FAMILY = "1,2";
			};
			name = Release;
		};
/* End XCBuildConfiguration section */

/* Begin XCConfigurationList section */
		63974BC62ADC536C00545281 /* Build configuration list for PBXProject "Homework1" */ = {
			isa = XCConfigurationList;
			buildConfigurations = (
				63974BDD2ADC536E00545281 /* Debug */,
				63974BDE2ADC536E00545281 /* Release */,
			);
			defaultConfigurationIsVisible = 0;
			defaultConfigurationName = Release;
		};
		63974BDF2ADC536E00545281 /* Build configuration list for PBXNativeTarget "Homework1" */ = {
			isa = XCConfigurationList;
			buildConfigurations = (
				63974BE02ADC536E00545281 /* Debug */,
				63974BE12ADC536E00545281 /* Release */,
			);
			defaultConfigurationIsVisible = 0;
			defaultConfigurationName = Release;
		};
/* End XCConfigurationList section */

/* Begin XCRemoteSwiftPackageReference section */
		636AF39E2ADFC24600DF8102 /* XCRemoteSwiftPackageReference "Hero" */ = {
			isa = XCRemoteSwiftPackageReference;
			repositoryURL = "https://github.com/HeroTransitions/Hero";
			requirement = {
				kind = upToNextMajorVersion;
				minimumVersion = 1.6.2;
			};
		};
/* End XCRemoteSwiftPackageReference section */

/* Begin XCSwiftPackageProductDependency section */
		636AF39F2ADFC24600DF8102 /* Hero */ = {
			isa = XCSwiftPackageProductDependency;
			package = 636AF39E2ADFC24600DF8102 /* XCRemoteSwiftPackageReference "Hero" */;
			productName = Hero;
		};
/* End XCSwiftPackageProductDependency section */
	};
	rootObject = 63974BC32ADC536C00545281 /* Project object */;
}
